// !$*UTF8*$!
{
	archiveVersion = 1;
	classes = {
	};
	objectVersion = 46;
	objects = {

/* Begin PBXBuildFile section */
		30828BF71D9109FC005F38D9 /* main.cpp in Sources */ = {isa = PBXBuildFile; fileRef = 30828BF61D9109FC005F38D9 /* main.cpp */; };
		30828BFF1D910B93005F38D9 /* MinHeap.cpp in Sources */ = {isa = PBXBuildFile; fileRef = 30828BFD1D910B93005F38D9 /* MinHeap.cpp */; };
/* End PBXBuildFile section */

/* Begin PBXCopyFilesBuildPhase section */
		30828BF11D9109FC005F38D9 /* CopyFiles */ = {
			isa = PBXCopyFilesBuildPhase;
			buildActionMask = 2147483647;
			dstPath = /usr/share/man/man1/;
			dstSubfolderSpec = 0;
			files = (
			);
			runOnlyForDeploymentPostprocessing = 1;
		};
/* End PBXCopyFilesBuildPhase section */

/* Begin PBXFileReference section */
		30828BF31D9109FC005F38D9 /* BinaryMinHeap */ = {isa = PBXFileReference; explicitFileType = "compiled.mach-o.executable"; includeInIndex = 0; path = BinaryMinHeap; sourceTree = BUILT_PRODUCTS_DIR; };
		30828BF61D9109FC005F38D9 /* main.cpp */ = {isa = PBXFileReference; lastKnownFileType = sourcecode.cpp.cpp; path = main.cpp; sourceTree = "<group>"; };
		30828BFD1D910B93005F38D9 /* MinHeap.cpp */ = {isa = PBXFileReference; fileEncoding = 4; lastKnownFileType = sourcecode.cpp.cpp; path = MinHeap.cpp; sourceTree = "<group>"; };
		30828BFE1D910B93005F38D9 /* MinHeap.hpp */ = {isa = PBXFileReference; fileEncoding = 4; lastKnownFileType = sourcecode.cpp.h; path = MinHeap.hpp; sourceTree = "<group>"; };
/* End PBXFileReference section */

/* Begin PBXFrameworksBuildPhase section */
		30828BF01D9109FC005F38D9 /* Frameworks */ = {
			isa = PBXFrameworksBuildPhase;
			buildActionMask = 2147483647;
			files = (
			);
			runOnlyForDeploymentPostprocessing = 0;
		};
/* End PBXFrameworksBuildPhase section */

/* Begin PBXGroup section */
		30828BEA1D9109FC005F38D9 = {
			isa = PBXGroup;
			children = (
				30828BF51D9109FC005F38D9 /* BinaryMinHeap */,
				30828BF41D9109FC005F38D9 /* Products */,
			);
			sourceTree = "<group>";
		};
		30828BF41D9109FC005F38D9 /* Products */ = {
			isa = PBXGroup;
			children = (
				30828BF31D9109FC005F38D9 /* BinaryMinHeap */,
			);
			name = Products;
			sourceTree = "<group>";
		};
		30828BF51D9109FC005F38D9 /* BinaryMinHeap */ = {
			isa = PBXGroup;
			children = (
				30828BF61D9109FC005F38D9 /* main.cpp */,
				30828BFE1D910B93005F38D9 /* MinHeap.hpp */,
				30828BFD1D910B93005F38D9 /* MinHeap.cpp */,
			);
			path = BinaryMinHeap;
			sourceTree = "<group>";
		};
/* End PBXGroup section */

/* Begin PBXNativeTarget section */
		30828BF21D9109FC005F38D9 /* BinaryMinHeap */ = {
			isa = PBXNativeTarget;
			buildConfigurationList = 30828BFA1D9109FC005F38D9 /* Build configuration list for PBXNativeTarget "BinaryMinHeap" */;
			buildPhases = (
				30828BEF1D9109FC005F38D9 /* Sources */,
				30828BF01D9109FC005F38D9 /* Frameworks */,
				30828BF11D9109FC005F38D9 /* CopyFiles */,
			);
			buildRules = (
			);
			dependencies = (
			);
			name = BinaryMinHeap;
			productName = BinaryMinHeap;
			productReference = 30828BF31D9109FC005F38D9 /* BinaryMinHeap */;
			productType = "com.apple.product-type.tool";
		};
/* End PBXNativeTarget section */

/* Begin PBXProject section */
		30828BEB1D9109FC005F38D9 /* Project object */ = {
			isa = PBXProject;
			attributes = {
				LastUpgradeCheck = 0730;
				ORGANIZATIONNAME = Epam;
				TargetAttributes = {
					30828BF21D9109FC005F38D9 = {
						CreatedOnToolsVersion = 7.3;
					};
				};
			};
			buildConfigurationList = 30828BEE1D9109FC005F38D9 /* Build configuration list for PBXProject "BinaryMinHeap" */;
			compatibilityVersion = "Xcode 3.2";
			developmentRegion = English;
			hasScannedForEncodings = 0;
			knownRegions = (
				en,
			);
			mainGroup = 30828BEA1D9109FC005F38D9;
			productRefGroup = 30828BF41D9109FC005F38D9 /* Products */;
			projectDirPath = "";
			projectRoot = "";
			targets = (
				30828BF21D9109FC005F38D9 /* BinaryMinHeap */,
			);
		};
/* End PBXProject section */

/* Begin PBXSourcesBuildPhase section */
		30828BEF1D9109FC005F38D9 /* Sources */ = {
			isa = PBXSourcesBuildPhase;
			buildActionMask = 2147483647;
			files = (
				30828BFF1D910B93005F38D9 /* MinHeap.cpp in Sources */,
				30828BF71D9109FC005F38D9 /* main.cpp in Sources */,
			);
			runOnlyForDeploymentPostprocessing = 0;
		};
/* End PBXSourcesBuildPhase section */

/* Begin XCBuildConfiguration section */
		30828BF81D9109FC005F38D9 /* Debug */ = {
			isa = XCBuildConfiguration;
			buildSettings = {
				ALWAYS_SEARCH_USER_PATHS = NO;
				CLANG_ANALYZER_NONNULL = YES;
				CLANG_CXX_LANGUAGE_STANDARD = "gnu++0x";
				CLANG_CXX_LIBRARY = "libc++";
				CLANG_ENABLE_MODULES = YES;
				CLANG_ENABLE_OBJC_ARC = YES;
				CLANG_WARN_BOOL_CONVERSION = YES;
				CLANG_WARN_CONSTANT_CONVERSION = YES;
				CLANG_WARN_DIRECT_OBJC_ISA_USAGE = YES_ERROR;
				CLANG_WARN_EMPTY_BODY = YES;
				CLANG_WARN_ENUM_CONVERSION = YES;
				CLANG_WARN_INT_CONVERSION = YES;
				CLANG_WARN_OBJC_ROOT_CLASS = YES_ERROR;
				CLANG_WARN_UNREACHABLE_CODE = YES;
				CLANG_WARN__DUPLICATE_METHOD_MATCH = YES;
				CODE_SIGN_IDENTITY = "-";
				COPY_PHASE_STRIP = NO;
				DEBUG_INFORMATION_FORMAT = dwarf;
				ENABLE_STRICT_OBJC_MSGSEND = YES;
				ENABLE_TESTABILITY = YES;
				GCC_C_LANGUAGE_STANDARD = gnu99;
				GCC_DYNAMIC_NO_PIC = NO;
				GCC_NO_COMMON_BLOCKS = YES;
				GCC_OPTIMIZATION_LEVEL = 0;
				GCC_PREPROCESSOR_DEFINITIONS = (
					"DEBUG=1",
					"$(inherited)",
				);
				GCC_WARN_64_TO_32_BIT_CONVERSION = YES;
				GCC_WARN_ABOUT_RETURN_TYPE = YES_ERROR;
				GCC_WARN_UNDECLARED_SELECTOR = YES;
				GCC_WARN_UNINITIALIZED_AUTOS = YES_AGGRESSIVE;
				GCC_WARN_UNUSED_FUNCTION = YES;
				GCC_WARN_UNUSED_VARIABLE = YES;
				MACOSX_DEPLOYMENT_TARGET = 10.11;
				MTL_ENABLE_DEBUG_INFO = YES;
				ONLY_ACTIVE_ARCH = YES;
				SDKROOT = macosx;
			};
			name = Debug;
		};
		30828BF91D9109FC005F38D9 /* Release */ = {
			isa = XCBuildConfiguration;
			buildSettings = {
				ALWAYS_SEARCH_USER_PATHS = NO;
				CLANG_ANALYZER_NONNULL = YES;
				CLANG_CXX_LANGUAGE_STANDARD = "gnu++0x";
				CLANG_CXX_LIBRARY = "libc++";
				CLANG_ENABLE_MODULES = YES;
				CLANG_ENABLE_OBJC_ARC = YES;
				CLANG_WARN_BOOL_CONVERSION = YES;
				CLANG_WARN_CONSTANT_CONVERSION = YES;
				CLANG_WARN_DIRECT_OBJC_ISA_USAGE = YES_ERROR;
				CLANG_WARN_EMPTY_BODY = YES;
				CLANG_WARN_ENUM_CONVERSION = YES;
				CLANG_WARN_INT_CONVERSION = YES;
				CLANG_WARN_OBJC_ROOT_CLASS = YES_ERROR;
				CLANG_WARN_UNREACHABLE_CODE = YES;
				CLANG_WARN__DUPLICATE_METHOD_MATCH = YES;
				CODE_SIGN_IDENTITY = "-";
				COPY_PHASE_STRIP = NO;
				DEBUG_INFORMATION_FORMAT = "dwarf-with-dsym";
				ENABLE_NS_ASSERTIONS = NO;
				ENABLE_STRICT_OBJC_MSGSEND = YES;
				GCC_C_LANGUAGE_STANDARD = gnu99;
				GCC_NO_COMMON_BLOCKS = YES;
				GCC_WARN_64_TO_32_BIT_CONVERSION = YES;
				GCC_WARN_ABOUT_RETURN_TYPE = YES_ERROR;
				GCC_WARN_UNDECLARED_SELECTOR = YES;
				GCC_WARN_UNINITIALIZED_AUTOS = YES_AGGRESSIVE;
				GCC_WARN_UNUSED_FUNCTION = YES;
				GCC_WARN_UNUSED_VARIABLE = YES;
				MACOSX_DEPLOYMENT_TARGET = 10.11;
				MTL_ENABLE_DEBUG_INFO = NO;
				SDKROOT = macosx;
			};
			name = Release;
		};
		30828BFB1D9109FC005F38D9 /* Debug */ = {
			isa = XCBuildConfiguration;
			buildSettings = {
				PRODUCT_NAME = "$(TARGET_NAME)";
			};
			name = Debug;
		};
		30828BFC1D9109FC005F38D9 /* Release */ = {
			isa = XCBuildConfiguration;
			buildSettings = {
				PRODUCT_NAME = "$(TARGET_NAME)";
			};
			name = Release;
		};
/* End XCBuildConfiguration section */

/* Begin XCConfigurationList section */
		30828BEE1D9109FC005F38D9 /* Build configuration list for PBXProject "BinaryMinHeap" */ = {
			isa = XCConfigurationList;
			buildConfigurations = (
				30828BF81D9109FC005F38D9 /* Debug */,
				30828BF91D9109FC005F38D9 /* Release */,
			);
			defaultConfigurationIsVisible = 0;
			defaultConfigurationName = Release;
		};
		30828BFA1D9109FC005F38D9 /* Build configuration list for PBXNativeTarget "BinaryMinHeap" */ = {
			isa = XCConfigurationList;
			buildConfigurations = (
				30828BFB1D9109FC005F38D9 /* Debug */,
				30828BFC1D9109FC005F38D9 /* Release */,
			);
			defaultConfigurationIsVisible = 0;
		};
/* End XCConfigurationList section */
	};
	rootObject = 30828BEB1D9109FC005F38D9 /* Project object */;
}
